// !$*UTF8*$!
{
	archiveVersion = 1;
	classes = {
	};
	objectVersion = 56;
	objects = {

/* Begin PBXBuildFile section */
		072791002C8D8AC2002364EF /* AppDelegate.swift in Sources */ = {isa = PBXBuildFile; fileRef = 072790FF2C8D8AC2002364EF /* AppDelegate.swift */; };
		072791022C8D8AC2002364EF /* SceneDelegate.swift in Sources */ = {isa = PBXBuildFile; fileRef = 072791012C8D8AC2002364EF /* SceneDelegate.swift */; };
		072791042C8D8AC2002364EF /* ViewController.swift in Sources */ = {isa = PBXBuildFile; fileRef = 072791032C8D8AC2002364EF /* ViewController.swift */; };
		072791072C8D8AC2002364EF /* Base in Resources */ = {isa = PBXBuildFile; fileRef = 072791062C8D8AC2002364EF /* Base */; };
		072791092C8D8AC4002364EF /* Assets.xcassets in Resources */ = {isa = PBXBuildFile; fileRef = 072791082C8D8AC4002364EF /* Assets.xcassets */; };
		0727910C2C8D8AC4002364EF /* Base in Resources */ = {isa = PBXBuildFile; fileRef = 0727910B2C8D8AC4002364EF /* Base */; };
		072791142C8D8D92002364EF /* Item.swift in Sources */ = {isa = PBXBuildFile; fileRef = 072791132C8D8D92002364EF /* Item.swift */; };
		072791162C8D8E1A002364EF /* BannerCollectionViewCell.swift in Sources */ = {isa = PBXBuildFile; fileRef = 072791152C8D8E1A002364EF /* BannerCollectionViewCell.swift */; };
		072791192C8D8EA8002364EF /* SnapKit in Frameworks */ = {isa = PBXBuildFile; productRef = 072791182C8D8EA8002364EF /* SnapKit */; };
		0727911E2C8DC030002364EF /* Kingfisher in Frameworks */ = {isa = PBXBuildFile; productRef = 0727911D2C8DC030002364EF /* Kingfisher */; };
/* End PBXBuildFile section */

/* Begin PBXFileReference section */
		072790FC2C8D8AC2002364EF /* BasicCompositionalLayout.app */ = {isa = PBXFileReference; explicitFileType = wrapper.application; includeInIndex = 0; path = BasicCompositionalLayout.app; sourceTree = BUILT_PRODUCTS_DIR; };
		072790FF2C8D8AC2002364EF /* AppDelegate.swift */ = {isa = PBXFileReference; lastKnownFileType = sourcecode.swift; path = AppDelegate.swift; sourceTree = "<group>"; };
		072791012C8D8AC2002364EF /* SceneDelegate.swift */ = {isa = PBXFileReference; lastKnownFileType = sourcecode.swift; path = SceneDelegate.swift; sourceTree = "<group>"; };
		072791032C8D8AC2002364EF /* ViewController.swift */ = {isa = PBXFileReference; lastKnownFileType = sourcecode.swift; path = ViewController.swift; sourceTree = "<group>"; };
		072791062C8D8AC2002364EF /* Base */ = {isa = PBXFileReference; lastKnownFileType = file.storyboard; name = Base; path = Base.lproj/Main.storyboard; sourceTree = "<group>"; };
		072791082C8D8AC4002364EF /* Assets.xcassets */ = {isa = PBXFileReference; lastKnownFileType = folder.assetcatalog; path = Assets.xcassets; sourceTree = "<group>"; };
		0727910B2C8D8AC4002364EF /* Base */ = {isa = PBXFileReference; lastKnownFileType = file.storyboard; name = Base; path = Base.lproj/LaunchScreen.storyboard; sourceTree = "<group>"; };
		0727910D2C8D8AC4002364EF /* Info.plist */ = {isa = PBXFileReference; lastKnownFileType = text.plist.xml; path = Info.plist; sourceTree = "<group>"; };
		072791132C8D8D92002364EF /* Item.swift */ = {isa = PBXFileReference; lastKnownFileType = sourcecode.swift; path = Item.swift; sourceTree = "<group>"; };
		072791152C8D8E1A002364EF /* BannerCollectionViewCell.swift */ = {isa = PBXFileReference; lastKnownFileType = sourcecode.swift; path = BannerCollectionViewCell.swift; sourceTree = "<group>"; };
/* End PBXFileReference section */

/* Begin PBXFrameworksBuildPhase section */
		072790F92C8D8AC2002364EF /* Frameworks */ = {
			isa = PBXFrameworksBuildPhase;
			buildActionMask = 2147483647;
			files = (
				0727911E2C8DC030002364EF /* Kingfisher in Frameworks */,
				072791192C8D8EA8002364EF /* SnapKit in Frameworks */,
			);
			runOnlyForDeploymentPostprocessing = 0;
		};
/* End PBXFrameworksBuildPhase section */

/* Begin PBXGroup section */
		072790F32C8D8AC2002364EF = {
			isa = PBXGroup;
			children = (
				072790FE2C8D8AC2002364EF /* BasicCompositionalLayout */,
				072790FD2C8D8AC2002364EF /* Products */,
			);
			sourceTree = "<group>";
		};
		072790FD2C8D8AC2002364EF /* Products */ = {
			isa = PBXGroup;
			children = (
				072790FC2C8D8AC2002364EF /* BasicCompositionalLayout.app */,
			);
			name = Products;
			sourceTree = "<group>";
		};
		072790FE2C8D8AC2002364EF /* BasicCompositionalLayout */ = {
			isa = PBXGroup;
			children = (
				072790FF2C8D8AC2002364EF /* AppDelegate.swift */,
				072791012C8D8AC2002364EF /* SceneDelegate.swift */,
				072791032C8D8AC2002364EF /* ViewController.swift */,
				072791152C8D8E1A002364EF /* BannerCollectionViewCell.swift */,
				072791132C8D8D92002364EF /* Item.swift */,
				072791052C8D8AC2002364EF /* Main.storyboard */,
				072791082C8D8AC4002364EF /* Assets.xcassets */,
				0727910A2C8D8AC4002364EF /* LaunchScreen.storyboard */,
				0727910D2C8D8AC4002364EF /* Info.plist */,
			);
			path = BasicCompositionalLayout;
			sourceTree = "<group>";
		};
/* End PBXGroup section */

/* Begin PBXNativeTarget section */
		072790FB2C8D8AC2002364EF /* BasicCompositionalLayout */ = {
			isa = PBXNativeTarget;
			buildConfigurationList = 072791102C8D8AC4002364EF /* Build configuration list for PBXNativeTarget "BasicCompositionalLayout" */;
			buildPhases = (
				072790F82C8D8AC2002364EF /* Sources */,
				072790F92C8D8AC2002364EF /* Frameworks */,
				072790FA2C8D8AC2002364EF /* Resources */,
			);
			buildRules = (
			);
			dependencies = (
			);
			name = BasicCompositionalLayout;
			packageProductDependencies = (
				072791182C8D8EA8002364EF /* SnapKit */,
				0727911D2C8DC030002364EF /* Kingfisher */,
			);
			productName = BasicCompositionalLayout;
			productReference = 072790FC2C8D8AC2002364EF /* BasicCompositionalLayout.app */;
			productType = "com.apple.product-type.application";
		};
/* End PBXNativeTarget section */

/* Begin PBXProject section */
		072790F42C8D8AC2002364EF /* Project object */ = {
			isa = PBXProject;
			attributes = {
				BuildIndependentTargetsInParallel = 1;
				LastSwiftUpdateCheck = 1540;
				LastUpgradeCheck = 1540;
				TargetAttributes = {
					072790FB2C8D8AC2002364EF = {
						CreatedOnToolsVersion = 15.4;
					};
				};
			};
			buildConfigurationList = 072790F72C8D8AC2002364EF /* Build configuration list for PBXProject "BasicCompositionalLayout" */;
			compatibilityVersion = "Xcode 14.0";
			developmentRegion = en;
			hasScannedForEncodings = 0;
			knownRegions = (
				en,
				Base,
			);
			mainGroup = 072790F32C8D8AC2002364EF;
			packageReferences = (
				072791172C8D8EA8002364EF /* XCRemoteSwiftPackageReference "SnapKit" */,
				0727911C2C8DC030002364EF /* XCRemoteSwiftPackageReference "Kingfisher" */,
			);
			productRefGroup = 072790FD2C8D8AC2002364EF /* Products */;
			projectDirPath = "";
			projectRoot = "";
			targets = (
				072790FB2C8D8AC2002364EF /* BasicCompositionalLayout */,
			);
		};
/* End PBXProject section */

/* Begin PBXResourcesBuildPhase section */
		072790FA2C8D8AC2002364EF /* Resources */ = {
			isa = PBXResourcesBuildPhase;
			buildActionMask = 2147483647;
			files = (
				072791092C8D8AC4002364EF /* Assets.xcassets in Resources */,
				0727910C2C8D8AC4002364EF /* Base in Resources */,
				072791072C8D8AC2002364EF /* Base in Resources */,
			);
			runOnlyForDeploymentPostprocessing = 0;
		};
/* End PBXResourcesBuildPhase section */

/* Begin PBXSourcesBuildPhase section */
		072790F82C8D8AC2002364EF /* Sources */ = {
			isa = PBXSourcesBuildPhase;
			buildActionMask = 2147483647;
			files = (
				072791142C8D8D92002364EF /* Item.swift in Sources */,
				072791042C8D8AC2002364EF /* ViewController.swift in Sources */,
				072791002C8D8AC2002364EF /* AppDelegate.swift in Sources */,
				072791162C8D8E1A002364EF /* BannerCollectionViewCell.swift in Sources */,
				072791022C8D8AC2002364EF /* SceneDelegate.swift in Sources */,
			);
			runOnlyForDeploymentPostprocessing = 0;
		};
/* End PBXSourcesBuildPhase section */

/* Begin PBXVariantGroup section */
		072791052C8D8AC2002364EF /* Main.storyboard */ = {
			isa = PBXVariantGroup;
			children = (
				072791062C8D8AC2002364EF /* Base */,
			);
			name = Main.storyboard;
			sourceTree = "<group>";
		};
		0727910A2C8D8AC4002364EF /* LaunchScreen.storyboard */ = {
			isa = PBXVariantGroup;
			children = (
				0727910B2C8D8AC4002364EF /* Base */,
			);
			name = LaunchScreen.storyboard;
			sourceTree = "<group>";
		};
/* End PBXVariantGroup section */

/* Begin XCBuildConfiguration section */
		0727910E2C8D8AC4002364EF /* Debug */ = {
			isa = XCBuildConfiguration;
			buildSettings = {
				ALWAYS_SEARCH_USER_PATHS = NO;
				ASSETCATALOG_COMPILER_GENERATE_SWIFT_ASSET_SYMBOL_EXTENSIONS = YES;
				CLANG_ANALYZER_NONNULL = YES;
				CLANG_ANALYZER_NUMBER_OBJECT_CONVERSION = YES_AGGRESSIVE;
				CLANG_CXX_LANGUAGE_STANDARD = "gnu++20";
				CLANG_ENABLE_MODULES = YES;
				CLANG_ENABLE_OBJC_ARC = YES;
				CLANG_ENABLE_OBJC_WEAK = YES;
				CLANG_WARN_BLOCK_CAPTURE_AUTORELEASING = YES;
				CLANG_WARN_BOOL_CONVERSION = YES;
				CLANG_WARN_COMMA = YES;
				CLANG_WARN_CONSTANT_CONVERSION = YES;
				CLANG_WARN_DEPRECATED_OBJC_IMPLEMENTATIONS = YES;
				CLANG_WARN_DIRECT_OBJC_ISA_USAGE = YES_ERROR;
				CLANG_WARN_DOCUMENTATION_COMMENTS = YES;
				CLANG_WARN_EMPTY_BODY = YES;
				CLANG_WARN_ENUM_CONVERSION = YES;
				CLANG_WARN_INFINITE_RECURSION = YES;
				CLANG_WARN_INT_CONVERSION = YES;
				CLANG_WARN_NON_LITERAL_NULL_CONVERSION = YES;
				CLANG_WARN_OBJC_IMPLICIT_RETAIN_SELF = YES;
				CLANG_WARN_OBJC_LITERAL_CONVERSION = YES;
				CLANG_WARN_OBJC_ROOT_CLASS = YES_ERROR;
				CLANG_WARN_QUOTED_INCLUDE_IN_FRAMEWORK_HEADER = YES;
				CLANG_WARN_RANGE_LOOP_ANALYSIS = YES;
				CLANG_WARN_STRICT_PROTOTYPES = YES;
				CLANG_WARN_SUSPICIOUS_MOVE = YES;
				CLANG_WARN_UNGUARDED_AVAILABILITY = YES_AGGRESSIVE;
				CLANG_WARN_UNREACHABLE_CODE = YES;
				CLANG_WARN__DUPLICATE_METHOD_MATCH = YES;
				COPY_PHASE_STRIP = NO;
				DEBUG_INFORMATION_FORMAT = dwarf;
				ENABLE_STRICT_OBJC_MSGSEND = YES;
				ENABLE_TESTABILITY = YES;
				ENABLE_USER_SCRIPT_SANDBOXING = YES;
				GCC_C_LANGUAGE_STANDARD = gnu17;
				GCC_DYNAMIC_NO_PIC = NO;
				GCC_NO_COMMON_BLOCKS = YES;
				GCC_OPTIMIZATION_LEVEL = 0;
				GCC_PREPROCESSOR_DEFINITIONS = (
					"DEBUG=1",
					"$(inherited)",
				);
				GCC_WARN_64_TO_32_BIT_CONVERSION = YES;
				GCC_WARN_ABOUT_RETURN_TYPE = YES_ERROR;
				GCC_WARN_UNDECLARED_SELECTOR = YES;
				GCC_WARN_UNINITIALIZED_AUTOS = YES_AGGRESSIVE;
				GCC_WARN_UNUSED_FUNCTION = YES;
				GCC_WARN_UNUSED_VARIABLE = YES;
				IPHONEOS_DEPLOYMENT_TARGET = 17.5;
				LOCALIZATION_PREFERS_STRING_CATALOGS = YES;
				MTL_ENABLE_DEBUG_INFO = INCLUDE_SOURCE;
				MTL_FAST_MATH = YES;
				ONLY_ACTIVE_ARCH = YES;
				SDKROOT = iphoneos;
				SWIFT_ACTIVE_COMPILATION_CONDITIONS = "DEBUG $(inherited)";
				SWIFT_OPTIMIZATION_LEVEL = "-Onone";
			};
			name = Debug;
		};
		0727910F2C8D8AC4002364EF /* Release */ = {
			isa = XCBuildConfiguration;
			buildSettings = {
				ALWAYS_SEARCH_USER_PATHS = NO;
				ASSETCATALOG_COMPILER_GENERATE_SWIFT_ASSET_SYMBOL_EXTENSIONS = YES;
				CLANG_ANALYZER_NONNULL = YES;
				CLANG_ANALYZER_NUMBER_OBJECT_CONVERSION = YES_AGGRESSIVE;
				CLANG_CXX_LANGUAGE_STANDARD = "gnu++20";
				CLANG_ENABLE_MODULES = YES;
				CLANG_ENABLE_OBJC_ARC = YES;
				CLANG_ENABLE_OBJC_WEAK = YES;
				CLANG_WARN_BLOCK_CAPTURE_AUTORELEASING = YES;
				CLANG_WARN_BOOL_CONVERSION = YES;
				CLANG_WARN_COMMA = YES;
				CLANG_WARN_CONSTANT_CONVERSION = YES;
				CLANG_WARN_DEPRECATED_OBJC_IMPLEMENTATIONS = YES;
				CLANG_WARN_DIRECT_OBJC_ISA_USAGE = YES_ERROR;
				CLANG_WARN_DOCUMENTATION_COMMENTS = YES;
				CLANG_WARN_EMPTY_BODY = YES;
				CLANG_WARN_ENUM_CONVERSION = YES;
				CLANG_WARN_INFINITE_RECURSION = YES;
				CLANG_WARN_INT_CONVERSION = YES;
				CLANG_WARN_NON_LITERAL_NULL_CONVERSION = YES;
				CLANG_WARN_OBJC_IMPLICIT_RETAIN_SELF = YES;
				CLANG_WARN_OBJC_LITERAL_CONVERSION = YES;
				CLANG_WARN_OBJC_ROOT_CLASS = YES_ERROR;
				CLANG_WARN_QUOTED_INCLUDE_IN_FRAMEWORK_HEADER = YES;
				CLANG_WARN_RANGE_LOOP_ANALYSIS = YES;
				CLANG_WARN_STRICT_PROTOTYPES = YES;
				CLANG_WARN_SUSPICIOUS_MOVE = YES;
				CLANG_WARN_UNGUARDED_AVAILABILITY = YES_AGGRESSIVE;
				CLANG_WARN_UNREACHABLE_CODE = YES;
				CLANG_WARN__DUPLICATE_METHOD_MATCH = YES;
				COPY_PHASE_STRIP = NO;
				DEBUG_INFORMATION_FORMAT = "dwarf-with-dsym";
				ENABLE_NS_ASSERTIONS = NO;
				ENABLE_STRICT_OBJC_MSGSEND = YES;
				ENABLE_USER_SCRIPT_SANDBOXING = YES;
				GCC_C_LANGUAGE_STANDARD = gnu17;
				GCC_NO_COMMON_BLOCKS = YES;
				GCC_WARN_64_TO_32_BIT_CONVERSION = YES;
				GCC_WARN_ABOUT_RETURN_TYPE = YES_ERROR;
				GCC_WARN_UNDECLARED_SELECTOR = YES;
				GCC_WARN_UNINITIALIZED_AUTOS = YES_AGGRESSIVE;
				GCC_WARN_UNUSED_FUNCTION = YES;
				GCC_WARN_UNUSED_VARIABLE = YES;
				IPHONEOS_DEPLOYMENT_TARGET = 17.5;
				LOCALIZATION_PREFERS_STRING_CATALOGS = YES;
				MTL_ENABLE_DEBUG_INFO = NO;
				MTL_FAST_MATH = YES;
				SDKROOT = iphoneos;
				SWIFT_COMPILATION_MODE = wholemodule;
				VALIDATE_PRODUCT = YES;
			};
			name = Release;
		};
		072791112C8D8AC4002364EF /* Debug */ = {
			isa = XCBuildConfiguration;
			buildSettings = {
				ASSETCATALOG_COMPILER_APPICON_NAME = AppIcon;
				ASSETCATALOG_COMPILER_GLOBAL_ACCENT_COLOR_NAME = AccentColor;
				CODE_SIGN_STYLE = Automatic;
				CURRENT_PROJECT_VERSION = 1;
				DEVELOPMENT_TEAM = MQR4AUJW5C;
				GENERATE_INFOPLIST_FILE = YES;
				INFOPLIST_FILE = BasicCompositionalLayout/Info.plist;
				INFOPLIST_KEY_UIApplicationSupportsIndirectInputEvents = YES;
				INFOPLIST_KEY_UILaunchStoryboardName = LaunchScreen;
				INFOPLIST_KEY_UIMainStoryboardFile = Main;
				INFOPLIST_KEY_UISupportedInterfaceOrientations_iPad = "UIInterfaceOrientationPortrait UIInterfaceOrientationPortraitUpsideDown UIInterfaceOrientationLandscapeLeft UIInterfaceOrientationLandscapeRight";
				INFOPLIST_KEY_UISupportedInterfaceOrientations_iPhone = "UIInterfaceOrientationPortrait UIInterfaceOrientationLandscapeLeft UIInterfaceOrientationLandscapeRight";
				LD_RUNPATH_SEARCH_PATHS = (
					"$(inherited)",
					"@executable_path/Frameworks",
				);
				MARKETING_VERSION = 1.0;
				PRODUCT_BUNDLE_IDENTIFIER = com.SangjunKim.BasicCompositionalLayout;
				PRODUCT_NAME = "$(TARGET_NAME)";
				SWIFT_EMIT_LOC_STRINGS = YES;
				SWIFT_VERSION = 5.0;
				TARGETED_DEVICE_FAMILY = "1,2";
			};
			name = Debug;
		};
		072791122C8D8AC4002364EF /* Release */ = {
			isa = XCBuildConfiguration;
			buildSettings = {
				ASSETCATALOG_COMPILER_APPICON_NAME = AppIcon;
				ASSETCATALOG_COMPILER_GLOBAL_ACCENT_COLOR_NAME = AccentColor;
				CODE_SIGN_STYLE = Automatic;
				CURRENT_PROJECT_VERSION = 1;
				DEVELOPMENT_TEAM = MQR4AUJW5C;
				GENERATE_INFOPLIST_FILE = YES;
				INFOPLIST_FILE = BasicCompositionalLayout/Info.plist;
				INFOPLIST_KEY_UIApplicationSupportsIndirectInputEvents = YES;
				INFOPLIST_KEY_UILaunchStoryboardName = LaunchScreen;
				INFOPLIST_KEY_UIMainStoryboardFile = Main;
				INFOPLIST_KEY_UISupportedInterfaceOrientations_iPad = "UIInterfaceOrientationPortrait UIInterfaceOrientationPortraitUpsideDown UIInterfaceOrientationLandscapeLeft UIInterfaceOrientationLandscapeRight";
				INFOPLIST_KEY_UISupportedInterfaceOrientations_iPhone = "UIInterfaceOrientationPortrait UIInterfaceOrientationLandscapeLeft UIInterfaceOrientationLandscapeRight";
				LD_RUNPATH_SEARCH_PATHS = (
					"$(inherited)",
					"@executable_path/Frameworks",
				);
				MARKETING_VERSION = 1.0;
				PRODUCT_BUNDLE_IDENTIFIER = com.SangjunKim.BasicCompositionalLayout;
				PRODUCT_NAME = "$(TARGET_NAME)";
				SWIFT_EMIT_LOC_STRINGS = YES;
				SWIFT_VERSION = 5.0;
				TARGETED_DEVICE_FAMILY = "1,2";
			};
			name = Release;
		};
/* End XCBuildConfiguration section */

/* Begin XCConfigurationList section */
		072790F72C8D8AC2002364EF /* Build configuration list for PBXProject "BasicCompositionalLayout" */ = {
			isa = XCConfigurationList;
			buildConfigurations = (
				0727910E2C8D8AC4002364EF /* Debug */,
				0727910F2C8D8AC4002364EF /* Release */,
			);
			defaultConfigurationIsVisible = 0;
			defaultConfigurationName = Release;
		};
		072791102C8D8AC4002364EF /* Build configuration list for PBXNativeTarget "BasicCompositionalLayout" */ = {
			isa = XCConfigurationList;
			buildConfigurations = (
				072791112C8D8AC4002364EF /* Debug */,
				072791122C8D8AC4002364EF /* Release */,
			);
			defaultConfigurationIsVisible = 0;
			defaultConfigurationName = Release;
		};
/* End XCConfigurationList section */

/* Begin XCRemoteSwiftPackageReference section */
		072791172C8D8EA8002364EF /* XCRemoteSwiftPackageReference "SnapKit" */ = {
			isa = XCRemoteSwiftPackageReference;
			repositoryURL = "https://github.com/SnapKit/SnapKit.git";
			requirement = {
				kind = upToNextMajorVersion;
				minimumVersion = 5.7.1;
			};
		};
		0727911C2C8DC030002364EF /* XCRemoteSwiftPackageReference "Kingfisher" */ = {
			isa = XCRemoteSwiftPackageReference;
			repositoryURL = "https://github.com/onevcat/Kingfisher.git";
			requirement = {
				kind = upToNextMajorVersion;
				minimumVersion = 7.12.0;
			};
		};
/* End XCRemoteSwiftPackageReference section */

/* Begin XCSwiftPackageProductDependency section */
		072791182C8D8EA8002364EF /* SnapKit */ = {
			isa = XCSwiftPackageProductDependency;
			package = 072791172C8D8EA8002364EF /* XCRemoteSwiftPackageReference "SnapKit" */;
			productName = SnapKit;
		};
		0727911D2C8DC030002364EF /* Kingfisher */ = {
			isa = XCSwiftPackageProductDependency;
			package = 0727911C2C8DC030002364EF /* XCRemoteSwiftPackageReference "Kingfisher" */;
			productName = Kingfisher;
		};
/* End XCSwiftPackageProductDependency section */
	};
	rootObject = 072790F42C8D8AC2002364EF /* Project object */;
}
