// !$*UTF8*$!
{
	archiveVersion = 1;
	classes = {
	};
	objectVersion = 56;
	objects = {

/* Begin PBXBuildFile section */
		0727916C2C8F27C1002364EF /* AppDelegate.swift in Sources */ = {isa = PBXBuildFile; fileRef = 0727916B2C8F27C1002364EF /* AppDelegate.swift */; };
		0727916E2C8F27C1002364EF /* SceneDelegate.swift in Sources */ = {isa = PBXBuildFile; fileRef = 0727916D2C8F27C1002364EF /* SceneDelegate.swift */; };
		072791702C8F27C1002364EF /* ViewController.swift in Sources */ = {isa = PBXBuildFile; fileRef = 0727916F2C8F27C1002364EF /* ViewController.swift */; };
		072791732C8F27C1002364EF /* Base in Resources */ = {isa = PBXBuildFile; fileRef = 072791722C8F27C1002364EF /* Base */; };
		072791752C8F27C2002364EF /* Assets.xcassets in Resources */ = {isa = PBXBuildFile; fileRef = 072791742C8F27C2002364EF /* Assets.xcassets */; };
		072791782C8F27C2002364EF /* Base in Resources */ = {isa = PBXBuildFile; fileRef = 072791772C8F27C2002364EF /* Base */; };
		072791812C8F27DA002364EF /* RxAlamofire in Frameworks */ = {isa = PBXBuildFile; productRef = 072791802C8F27DA002364EF /* RxAlamofire */; };
		072791842C8F27F2002364EF /* SnapKit in Frameworks */ = {isa = PBXBuildFile; productRef = 072791832C8F27F2002364EF /* SnapKit */; };
		072791892C8F27FE002364EF /* Kingfisher in Frameworks */ = {isa = PBXBuildFile; productRef = 072791882C8F27FE002364EF /* Kingfisher */; };
		0727918C2C8F2AE8002364EF /* Const.swift in Sources */ = {isa = PBXBuildFile; fileRef = 0727918B2C8F2AE8002364EF /* Const.swift */; };
		0727918F2C8F2BC9002364EF /* TV.swift in Sources */ = {isa = PBXBuildFile; fileRef = 0727918E2C8F2BC9002364EF /* TV.swift */; };
		072791912C8F33AB002364EF /* Movie.swift in Sources */ = {isa = PBXBuildFile; fileRef = 072791902C8F33AB002364EF /* Movie.swift */; };
		072791932C8F34D0002364EF /* MovieResult.swift in Sources */ = {isa = PBXBuildFile; fileRef = 072791922C8F34D0002364EF /* MovieResult.swift */; };
		072791952C8F37F6002364EF /* Network.swift in Sources */ = {isa = PBXBuildFile; fileRef = 072791942C8F37F6002364EF /* Network.swift */; };
		072791972C8F3A5C002364EF /* TVNetwork.swift in Sources */ = {isa = PBXBuildFile; fileRef = 072791962C8F3A5C002364EF /* TVNetwork.swift */; };
		072791992C8F3B3C002364EF /* MovieNetwork.swift in Sources */ = {isa = PBXBuildFile; fileRef = 072791982C8F3B3C002364EF /* MovieNetwork.swift */; };
		0727919B2C8F3C01002364EF /* NetworkProvider.swift in Sources */ = {isa = PBXBuildFile; fileRef = 0727919A2C8F3C01002364EF /* NetworkProvider.swift */; };
		0727919D2C8F4183002364EF /* ButtonView.swift in Sources */ = {isa = PBXBuildFile; fileRef = 0727919C2C8F4183002364EF /* ButtonView.swift */; };
		0727919F2C90A5B1002364EF /* ViewModel.swift in Sources */ = {isa = PBXBuildFile; fileRef = 0727919E2C90A5B1002364EF /* ViewModel.swift */; };
/* End PBXBuildFile section */

/* Begin PBXFileReference section */
		072791682C8F27C1002364EF /* TVMOVIE.app */ = {isa = PBXFileReference; explicitFileType = wrapper.application; includeInIndex = 0; path = TVMOVIE.app; sourceTree = BUILT_PRODUCTS_DIR; };
		0727916B2C8F27C1002364EF /* AppDelegate.swift */ = {isa = PBXFileReference; lastKnownFileType = sourcecode.swift; path = AppDelegate.swift; sourceTree = "<group>"; };
		0727916D2C8F27C1002364EF /* SceneDelegate.swift */ = {isa = PBXFileReference; lastKnownFileType = sourcecode.swift; path = SceneDelegate.swift; sourceTree = "<group>"; };
		0727916F2C8F27C1002364EF /* ViewController.swift */ = {isa = PBXFileReference; lastKnownFileType = sourcecode.swift; path = ViewController.swift; sourceTree = "<group>"; };
		072791722C8F27C1002364EF /* Base */ = {isa = PBXFileReference; lastKnownFileType = file.storyboard; name = Base; path = Base.lproj/Main.storyboard; sourceTree = "<group>"; };
		072791742C8F27C2002364EF /* Assets.xcassets */ = {isa = PBXFileReference; lastKnownFileType = folder.assetcatalog; path = Assets.xcassets; sourceTree = "<group>"; };
		072791772C8F27C2002364EF /* Base */ = {isa = PBXFileReference; lastKnownFileType = file.storyboard; name = Base; path = Base.lproj/LaunchScreen.storyboard; sourceTree = "<group>"; };
		072791792C8F27C2002364EF /* Info.plist */ = {isa = PBXFileReference; lastKnownFileType = text.plist.xml; path = Info.plist; sourceTree = "<group>"; };
		0727918B2C8F2AE8002364EF /* Const.swift */ = {isa = PBXFileReference; lastKnownFileType = sourcecode.swift; path = Const.swift; sourceTree = "<group>"; };
		0727918E2C8F2BC9002364EF /* TV.swift */ = {isa = PBXFileReference; lastKnownFileType = sourcecode.swift; path = TV.swift; sourceTree = "<group>"; };
		072791902C8F33AB002364EF /* Movie.swift */ = {isa = PBXFileReference; lastKnownFileType = sourcecode.swift; path = Movie.swift; sourceTree = "<group>"; };
		072791922C8F34D0002364EF /* MovieResult.swift */ = {isa = PBXFileReference; lastKnownFileType = sourcecode.swift; path = MovieResult.swift; sourceTree = "<group>"; };
		072791942C8F37F6002364EF /* Network.swift */ = {isa = PBXFileReference; lastKnownFileType = sourcecode.swift; path = Network.swift; sourceTree = "<group>"; };
		072791962C8F3A5C002364EF /* TVNetwork.swift */ = {isa = PBXFileReference; lastKnownFileType = sourcecode.swift; path = TVNetwork.swift; sourceTree = "<group>"; };
		072791982C8F3B3C002364EF /* MovieNetwork.swift */ = {isa = PBXFileReference; lastKnownFileType = sourcecode.swift; path = MovieNetwork.swift; sourceTree = "<group>"; };
		0727919A2C8F3C01002364EF /* NetworkProvider.swift */ = {isa = PBXFileReference; lastKnownFileType = sourcecode.swift; path = NetworkProvider.swift; sourceTree = "<group>"; };
		0727919C2C8F4183002364EF /* ButtonView.swift */ = {isa = PBXFileReference; lastKnownFileType = sourcecode.swift; path = ButtonView.swift; sourceTree = "<group>"; };
		0727919E2C90A5B1002364EF /* ViewModel.swift */ = {isa = PBXFileReference; lastKnownFileType = sourcecode.swift; path = ViewModel.swift; sourceTree = "<group>"; };
/* End PBXFileReference section */

/* Begin PBXFrameworksBuildPhase section */
		072791652C8F27C1002364EF /* Frameworks */ = {
			isa = PBXFrameworksBuildPhase;
			buildActionMask = 2147483647;
			files = (
				072791892C8F27FE002364EF /* Kingfisher in Frameworks */,
				072791812C8F27DA002364EF /* RxAlamofire in Frameworks */,
				072791842C8F27F2002364EF /* SnapKit in Frameworks */,
			);
			runOnlyForDeploymentPostprocessing = 0;
		};
/* End PBXFrameworksBuildPhase section */

/* Begin PBXGroup section */
		0727915F2C8F27C0002364EF = {
			isa = PBXGroup;
			children = (
				0727916A2C8F27C1002364EF /* TVMOVIE */,
				072791692C8F27C1002364EF /* Products */,
			);
			sourceTree = "<group>";
		};
		072791692C8F27C1002364EF /* Products */ = {
			isa = PBXGroup;
			children = (
				072791682C8F27C1002364EF /* TVMOVIE.app */,
			);
			name = Products;
			sourceTree = "<group>";
		};
		0727916A2C8F27C1002364EF /* TVMOVIE */ = {
			isa = PBXGroup;
			children = (
				0727918A2C8F2AD5002364EF /* Network */,
				0727916B2C8F27C1002364EF /* AppDelegate.swift */,
				0727916D2C8F27C1002364EF /* SceneDelegate.swift */,
				0727916F2C8F27C1002364EF /* ViewController.swift */,
				0727919E2C90A5B1002364EF /* ViewModel.swift */,
				0727919C2C8F4183002364EF /* ButtonView.swift */,
				072791712C8F27C1002364EF /* Main.storyboard */,
				072791742C8F27C2002364EF /* Assets.xcassets */,
				072791762C8F27C2002364EF /* LaunchScreen.storyboard */,
				072791792C8F27C2002364EF /* Info.plist */,
			);
			path = TVMOVIE;
			sourceTree = "<group>";
		};
		0727918A2C8F2AD5002364EF /* Network */ = {
			isa = PBXGroup;
			children = (
				0727918B2C8F2AE8002364EF /* Const.swift */,
				0727918D2C8F2BB4002364EF /* Entities */,
				072791942C8F37F6002364EF /* Network.swift */,
				072791962C8F3A5C002364EF /* TVNetwork.swift */,
				072791982C8F3B3C002364EF /* MovieNetwork.swift */,
				0727919A2C8F3C01002364EF /* NetworkProvider.swift */,
			);
			path = Network;
			sourceTree = "<group>";
		};
		0727918D2C8F2BB4002364EF /* Entities */ = {
			isa = PBXGroup;
			children = (
				0727918E2C8F2BC9002364EF /* TV.swift */,
				072791902C8F33AB002364EF /* Movie.swift */,
				072791922C8F34D0002364EF /* MovieResult.swift */,
			);
			path = Entities;
			sourceTree = "<group>";
		};
/* End PBXGroup section */

/* Begin PBXNativeTarget section */
		072791672C8F27C1002364EF /* TVMOVIE */ = {
			isa = PBXNativeTarget;
			buildConfigurationList = 0727917C2C8F27C2002364EF /* Build configuration list for PBXNativeTarget "TVMOVIE" */;
			buildPhases = (
				072791642C8F27C1002364EF /* Sources */,
				072791652C8F27C1002364EF /* Frameworks */,
				072791662C8F27C1002364EF /* Resources */,
			);
			buildRules = (
			);
			dependencies = (
			);
			name = TVMOVIE;
			packageProductDependencies = (
				072791802C8F27DA002364EF /* RxAlamofire */,
				072791832C8F27F2002364EF /* SnapKit */,
				072791882C8F27FE002364EF /* Kingfisher */,
			);
			productName = TVMOVIE;
			productReference = 072791682C8F27C1002364EF /* TVMOVIE.app */;
			productType = "com.apple.product-type.application";
		};
/* End PBXNativeTarget section */

/* Begin PBXProject section */
		072791602C8F27C0002364EF /* Project object */ = {
			isa = PBXProject;
			attributes = {
				BuildIndependentTargetsInParallel = 1;
				LastSwiftUpdateCheck = 1540;
				LastUpgradeCheck = 1540;
				TargetAttributes = {
					072791672C8F27C1002364EF = {
						CreatedOnToolsVersion = 15.4;
					};
				};
			};
			buildConfigurationList = 072791632C8F27C0002364EF /* Build configuration list for PBXProject "TVMOVIE" */;
			compatibilityVersion = "Xcode 14.0";
			developmentRegion = en;
			hasScannedForEncodings = 0;
			knownRegions = (
				en,
				Base,
			);
			mainGroup = 0727915F2C8F27C0002364EF;
			packageReferences = (
				0727917F2C8F27DA002364EF /* XCRemoteSwiftPackageReference "RxAlamofire" */,
				072791822C8F27F2002364EF /* XCRemoteSwiftPackageReference "SnapKit" */,
				072791872C8F27FE002364EF /* XCRemoteSwiftPackageReference "Kingfisher" */,
			);
			productRefGroup = 072791692C8F27C1002364EF /* Products */;
			projectDirPath = "";
			projectRoot = "";
			targets = (
				072791672C8F27C1002364EF /* TVMOVIE */,
			);
		};
/* End PBXProject section */

/* Begin PBXResourcesBuildPhase section */
		072791662C8F27C1002364EF /* Resources */ = {
			isa = PBXResourcesBuildPhase;
			buildActionMask = 2147483647;
			files = (
				072791752C8F27C2002364EF /* Assets.xcassets in Resources */,
				072791782C8F27C2002364EF /* Base in Resources */,
				072791732C8F27C1002364EF /* Base in Resources */,
			);
			runOnlyForDeploymentPostprocessing = 0;
		};
/* End PBXResourcesBuildPhase section */

/* Begin PBXSourcesBuildPhase section */
		072791642C8F27C1002364EF /* Sources */ = {
			isa = PBXSourcesBuildPhase;
			buildActionMask = 2147483647;
			files = (
				072791932C8F34D0002364EF /* MovieResult.swift in Sources */,
				072791702C8F27C1002364EF /* ViewController.swift in Sources */,
				0727919D2C8F4183002364EF /* ButtonView.swift in Sources */,
				072791952C8F37F6002364EF /* Network.swift in Sources */,
				072791972C8F3A5C002364EF /* TVNetwork.swift in Sources */,
				0727918C2C8F2AE8002364EF /* Const.swift in Sources */,
				0727919F2C90A5B1002364EF /* ViewModel.swift in Sources */,
				072791992C8F3B3C002364EF /* MovieNetwork.swift in Sources */,
				072791912C8F33AB002364EF /* Movie.swift in Sources */,
				0727919B2C8F3C01002364EF /* NetworkProvider.swift in Sources */,
				0727916C2C8F27C1002364EF /* AppDelegate.swift in Sources */,
				0727918F2C8F2BC9002364EF /* TV.swift in Sources */,
				0727916E2C8F27C1002364EF /* SceneDelegate.swift in Sources */,
			);
			runOnlyForDeploymentPostprocessing = 0;
		};
/* End PBXSourcesBuildPhase section */

/* Begin PBXVariantGroup section */
		072791712C8F27C1002364EF /* Main.storyboard */ = {
			isa = PBXVariantGroup;
			children = (
				072791722C8F27C1002364EF /* Base */,
			);
			name = Main.storyboard;
			sourceTree = "<group>";
		};
		072791762C8F27C2002364EF /* LaunchScreen.storyboard */ = {
			isa = PBXVariantGroup;
			children = (
				072791772C8F27C2002364EF /* Base */,
			);
			name = LaunchScreen.storyboard;
			sourceTree = "<group>";
		};
/* End PBXVariantGroup section */

/* Begin XCBuildConfiguration section */
		0727917A2C8F27C2002364EF /* Debug */ = {
			isa = XCBuildConfiguration;
			buildSettings = {
				ALWAYS_SEARCH_USER_PATHS = NO;
				ASSETCATALOG_COMPILER_GENERATE_SWIFT_ASSET_SYMBOL_EXTENSIONS = YES;
				CLANG_ANALYZER_NONNULL = YES;
				CLANG_ANALYZER_NUMBER_OBJECT_CONVERSION = YES_AGGRESSIVE;
				CLANG_CXX_LANGUAGE_STANDARD = "gnu++20";
				CLANG_ENABLE_MODULES = YES;
				CLANG_ENABLE_OBJC_ARC = YES;
				CLANG_ENABLE_OBJC_WEAK = YES;
				CLANG_WARN_BLOCK_CAPTURE_AUTORELEASING = YES;
				CLANG_WARN_BOOL_CONVERSION = YES;
				CLANG_WARN_COMMA = YES;
				CLANG_WARN_CONSTANT_CONVERSION = YES;
				CLANG_WARN_DEPRECATED_OBJC_IMPLEMENTATIONS = YES;
				CLANG_WARN_DIRECT_OBJC_ISA_USAGE = YES_ERROR;
				CLANG_WARN_DOCUMENTATION_COMMENTS = YES;
				CLANG_WARN_EMPTY_BODY = YES;
				CLANG_WARN_ENUM_CONVERSION = YES;
				CLANG_WARN_INFINITE_RECURSION = YES;
				CLANG_WARN_INT_CONVERSION = YES;
				CLANG_WARN_NON_LITERAL_NULL_CONVERSION = YES;
				CLANG_WARN_OBJC_IMPLICIT_RETAIN_SELF = YES;
				CLANG_WARN_OBJC_LITERAL_CONVERSION = YES;
				CLANG_WARN_OBJC_ROOT_CLASS = YES_ERROR;
				CLANG_WARN_QUOTED_INCLUDE_IN_FRAMEWORK_HEADER = YES;
				CLANG_WARN_RANGE_LOOP_ANALYSIS = YES;
				CLANG_WARN_STRICT_PROTOTYPES = YES;
				CLANG_WARN_SUSPICIOUS_MOVE = YES;
				CLANG_WARN_UNGUARDED_AVAILABILITY = YES_AGGRESSIVE;
				CLANG_WARN_UNREACHABLE_CODE = YES;
				CLANG_WARN__DUPLICATE_METHOD_MATCH = YES;
				COPY_PHASE_STRIP = NO;
				DEBUG_INFORMATION_FORMAT = dwarf;
				ENABLE_STRICT_OBJC_MSGSEND = YES;
				ENABLE_TESTABILITY = YES;
				ENABLE_USER_SCRIPT_SANDBOXING = YES;
				GCC_C_LANGUAGE_STANDARD = gnu17;
				GCC_DYNAMIC_NO_PIC = NO;
				GCC_NO_COMMON_BLOCKS = YES;
				GCC_OPTIMIZATION_LEVEL = 0;
				GCC_PREPROCESSOR_DEFINITIONS = (
					"DEBUG=1",
					"$(inherited)",
				);
				GCC_WARN_64_TO_32_BIT_CONVERSION = YES;
				GCC_WARN_ABOUT_RETURN_TYPE = YES_ERROR;
				GCC_WARN_UNDECLARED_SELECTOR = YES;
				GCC_WARN_UNINITIALIZED_AUTOS = YES_AGGRESSIVE;
				GCC_WARN_UNUSED_FUNCTION = YES;
				GCC_WARN_UNUSED_VARIABLE = YES;
				IPHONEOS_DEPLOYMENT_TARGET = 17.5;
				LOCALIZATION_PREFERS_STRING_CATALOGS = YES;
				MTL_ENABLE_DEBUG_INFO = INCLUDE_SOURCE;
				MTL_FAST_MATH = YES;
				ONLY_ACTIVE_ARCH = YES;
				SDKROOT = iphoneos;
				SWIFT_ACTIVE_COMPILATION_CONDITIONS = "DEBUG $(inherited)";
				SWIFT_OPTIMIZATION_LEVEL = "-Onone";
			};
			name = Debug;
		};
		0727917B2C8F27C2002364EF /* Release */ = {
			isa = XCBuildConfiguration;
			buildSettings = {
				ALWAYS_SEARCH_USER_PATHS = NO;
				ASSETCATALOG_COMPILER_GENERATE_SWIFT_ASSET_SYMBOL_EXTENSIONS = YES;
				CLANG_ANALYZER_NONNULL = YES;
				CLANG_ANALYZER_NUMBER_OBJECT_CONVERSION = YES_AGGRESSIVE;
				CLANG_CXX_LANGUAGE_STANDARD = "gnu++20";
				CLANG_ENABLE_MODULES = YES;
				CLANG_ENABLE_OBJC_ARC = YES;
				CLANG_ENABLE_OBJC_WEAK = YES;
				CLANG_WARN_BLOCK_CAPTURE_AUTORELEASING = YES;
				CLANG_WARN_BOOL_CONVERSION = YES;
				CLANG_WARN_COMMA = YES;
				CLANG_WARN_CONSTANT_CONVERSION = YES;
				CLANG_WARN_DEPRECATED_OBJC_IMPLEMENTATIONS = YES;
				CLANG_WARN_DIRECT_OBJC_ISA_USAGE = YES_ERROR;
				CLANG_WARN_DOCUMENTATION_COMMENTS = YES;
				CLANG_WARN_EMPTY_BODY = YES;
				CLANG_WARN_ENUM_CONVERSION = YES;
				CLANG_WARN_INFINITE_RECURSION = YES;
				CLANG_WARN_INT_CONVERSION = YES;
				CLANG_WARN_NON_LITERAL_NULL_CONVERSION = YES;
				CLANG_WARN_OBJC_IMPLICIT_RETAIN_SELF = YES;
				CLANG_WARN_OBJC_LITERAL_CONVERSION = YES;
				CLANG_WARN_OBJC_ROOT_CLASS = YES_ERROR;
				CLANG_WARN_QUOTED_INCLUDE_IN_FRAMEWORK_HEADER = YES;
				CLANG_WARN_RANGE_LOOP_ANALYSIS = YES;
				CLANG_WARN_STRICT_PROTOTYPES = YES;
				CLANG_WARN_SUSPICIOUS_MOVE = YES;
				CLANG_WARN_UNGUARDED_AVAILABILITY = YES_AGGRESSIVE;
				CLANG_WARN_UNREACHABLE_CODE = YES;
				CLANG_WARN__DUPLICATE_METHOD_MATCH = YES;
				COPY_PHASE_STRIP = NO;
				DEBUG_INFORMATION_FORMAT = "dwarf-with-dsym";
				ENABLE_NS_ASSERTIONS = NO;
				ENABLE_STRICT_OBJC_MSGSEND = YES;
				ENABLE_USER_SCRIPT_SANDBOXING = YES;
				GCC_C_LANGUAGE_STANDARD = gnu17;
				GCC_NO_COMMON_BLOCKS = YES;
				GCC_WARN_64_TO_32_BIT_CONVERSION = YES;
				GCC_WARN_ABOUT_RETURN_TYPE = YES_ERROR;
				GCC_WARN_UNDECLARED_SELECTOR = YES;
				GCC_WARN_UNINITIALIZED_AUTOS = YES_AGGRESSIVE;
				GCC_WARN_UNUSED_FUNCTION = YES;
				GCC_WARN_UNUSED_VARIABLE = YES;
				IPHONEOS_DEPLOYMENT_TARGET = 17.5;
				LOCALIZATION_PREFERS_STRING_CATALOGS = YES;
				MTL_ENABLE_DEBUG_INFO = NO;
				MTL_FAST_MATH = YES;
				SDKROOT = iphoneos;
				SWIFT_COMPILATION_MODE = wholemodule;
				VALIDATE_PRODUCT = YES;
			};
			name = Release;
		};
		0727917D2C8F27C2002364EF /* Debug */ = {
			isa = XCBuildConfiguration;
			buildSettings = {
				ASSETCATALOG_COMPILER_APPICON_NAME = AppIcon;
				ASSETCATALOG_COMPILER_GLOBAL_ACCENT_COLOR_NAME = AccentColor;
				CODE_SIGN_STYLE = Automatic;
				CURRENT_PROJECT_VERSION = 1;
				DEVELOPMENT_TEAM = MQR4AUJW5C;
				GENERATE_INFOPLIST_FILE = YES;
				INFOPLIST_FILE = TVMOVIE/Info.plist;
				INFOPLIST_KEY_UIApplicationSupportsIndirectInputEvents = YES;
				INFOPLIST_KEY_UILaunchStoryboardName = LaunchScreen;
				INFOPLIST_KEY_UIMainStoryboardFile = Main;
				INFOPLIST_KEY_UISupportedInterfaceOrientations_iPad = "UIInterfaceOrientationPortrait UIInterfaceOrientationPortraitUpsideDown UIInterfaceOrientationLandscapeLeft UIInterfaceOrientationLandscapeRight";
				INFOPLIST_KEY_UISupportedInterfaceOrientations_iPhone = "UIInterfaceOrientationPortrait UIInterfaceOrientationLandscapeLeft UIInterfaceOrientationLandscapeRight";
				LD_RUNPATH_SEARCH_PATHS = (
					"$(inherited)",
					"@executable_path/Frameworks",
				);
				MARKETING_VERSION = 1.0;
				PRODUCT_BUNDLE_IDENTIFIER = com.SangjunKim.TVMOVIE;
				PRODUCT_NAME = "$(TARGET_NAME)";
				SWIFT_EMIT_LOC_STRINGS = YES;
				SWIFT_VERSION = 5.0;
				TARGETED_DEVICE_FAMILY = "1,2";
			};
			name = Debug;
		};
		0727917E2C8F27C2002364EF /* Release */ = {
			isa = XCBuildConfiguration;
			buildSettings = {
				ASSETCATALOG_COMPILER_APPICON_NAME = AppIcon;
				ASSETCATALOG_COMPILER_GLOBAL_ACCENT_COLOR_NAME = AccentColor;
				CODE_SIGN_STYLE = Automatic;
				CURRENT_PROJECT_VERSION = 1;
				DEVELOPMENT_TEAM = MQR4AUJW5C;
				GENERATE_INFOPLIST_FILE = YES;
				INFOPLIST_FILE = TVMOVIE/Info.plist;
				INFOPLIST_KEY_UIApplicationSupportsIndirectInputEvents = YES;
				INFOPLIST_KEY_UILaunchStoryboardName = LaunchScreen;
				INFOPLIST_KEY_UIMainStoryboardFile = Main;
				INFOPLIST_KEY_UISupportedInterfaceOrientations_iPad = "UIInterfaceOrientationPortrait UIInterfaceOrientationPortraitUpsideDown UIInterfaceOrientationLandscapeLeft UIInterfaceOrientationLandscapeRight";
				INFOPLIST_KEY_UISupportedInterfaceOrientations_iPhone = "UIInterfaceOrientationPortrait UIInterfaceOrientationLandscapeLeft UIInterfaceOrientationLandscapeRight";
				LD_RUNPATH_SEARCH_PATHS = (
					"$(inherited)",
					"@executable_path/Frameworks",
				);
				MARKETING_VERSION = 1.0;
				PRODUCT_BUNDLE_IDENTIFIER = com.SangjunKim.TVMOVIE;
				PRODUCT_NAME = "$(TARGET_NAME)";
				SWIFT_EMIT_LOC_STRINGS = YES;
				SWIFT_VERSION = 5.0;
				TARGETED_DEVICE_FAMILY = "1,2";
			};
			name = Release;
		};
/* End XCBuildConfiguration section */

/* Begin XCConfigurationList section */
		072791632C8F27C0002364EF /* Build configuration list for PBXProject "TVMOVIE" */ = {
			isa = XCConfigurationList;
			buildConfigurations = (
				0727917A2C8F27C2002364EF /* Debug */,
				0727917B2C8F27C2002364EF /* Release */,
			);
			defaultConfigurationIsVisible = 0;
			defaultConfigurationName = Release;
		};
		0727917C2C8F27C2002364EF /* Build configuration list for PBXNativeTarget "TVMOVIE" */ = {
			isa = XCConfigurationList;
			buildConfigurations = (
				0727917D2C8F27C2002364EF /* Debug */,
				0727917E2C8F27C2002364EF /* Release */,
			);
			defaultConfigurationIsVisible = 0;
			defaultConfigurationName = Release;
		};
/* End XCConfigurationList section */

/* Begin XCRemoteSwiftPackageReference section */
		0727917F2C8F27DA002364EF /* XCRemoteSwiftPackageReference "RxAlamofire" */ = {
			isa = XCRemoteSwiftPackageReference;
			repositoryURL = "https://github.com/RxSwiftCommunity/RxAlamofire.git";
			requirement = {
				kind = upToNextMajorVersion;
				minimumVersion = 5.2.0;
			};
		};
		072791822C8F27F2002364EF /* XCRemoteSwiftPackageReference "SnapKit" */ = {
			isa = XCRemoteSwiftPackageReference;
			repositoryURL = "https://github.com/SnapKit/SnapKit.git";
			requirement = {
				kind = upToNextMajorVersion;
				minimumVersion = 5.7.1;
			};
		};
		072791872C8F27FE002364EF /* XCRemoteSwiftPackageReference "Kingfisher" */ = {
			isa = XCRemoteSwiftPackageReference;
			repositoryURL = "https://github.com/onevcat/Kingfisher.git";
			requirement = {
				kind = upToNextMajorVersion;
				minimumVersion = 7.12.0;
			};
		};
/* End XCRemoteSwiftPackageReference section */

/* Begin XCSwiftPackageProductDependency section */
		072791802C8F27DA002364EF /* RxAlamofire */ = {
			isa = XCSwiftPackageProductDependency;
			package = 0727917F2C8F27DA002364EF /* XCRemoteSwiftPackageReference "RxAlamofire" */;
			productName = RxAlamofire;
		};
		072791832C8F27F2002364EF /* SnapKit */ = {
			isa = XCSwiftPackageProductDependency;
			package = 072791822C8F27F2002364EF /* XCRemoteSwiftPackageReference "SnapKit" */;
			productName = SnapKit;
		};
		072791882C8F27FE002364EF /* Kingfisher */ = {
			isa = XCSwiftPackageProductDependency;
			package = 072791872C8F27FE002364EF /* XCRemoteSwiftPackageReference "Kingfisher" */;
			productName = Kingfisher;
		};
/* End XCSwiftPackageProductDependency section */
	};
	rootObject = 072791602C8F27C0002364EF /* Project object */;
}
